// !$*UTF8*$!
{
	archiveVersion = 1;
	classes = {
	};
	objectVersion = 55;
	objects = {

/* Begin PBXBuildFile section */
		6D633947272C80CA00EAC81C /* Countries_ExpApp.swift in Sources */ = {isa = PBXBuildFile; fileRef = 6D633946272C80CA00EAC81C /* Countries_ExpApp.swift */; };
		6D633949272C80CA00EAC81C /* ContentView.swift in Sources */ = {isa = PBXBuildFile; fileRef = 6D633948272C80CA00EAC81C /* ContentView.swift */; };
		6D63394B272C80CC00EAC81C /* Assets.xcassets in Resources */ = {isa = PBXBuildFile; fileRef = 6D63394A272C80CC00EAC81C /* Assets.xcassets */; };
		6D63394E272C80CC00EAC81C /* Preview Assets.xcassets in Resources */ = {isa = PBXBuildFile; fileRef = 6D63394D272C80CC00EAC81C /* Preview Assets.xcassets */; };
		6D633956272C84A400EAC81C /* Apollo in Frameworks */ = {isa = PBXBuildFile; productRef = 6D633955272C84A400EAC81C /* Apollo */; };
		6D633958272C84A400EAC81C /* ApolloAPI in Frameworks */ = {isa = PBXBuildFile; productRef = 6D633957272C84A400EAC81C /* ApolloAPI */; };
		6D63395A272C84A400EAC81C /* ApolloCodegenLib in Frameworks */ = {isa = PBXBuildFile; productRef = 6D633959272C84A400EAC81C /* ApolloCodegenLib */; };
		6D63395C272C84A400EAC81C /* ApolloSQLite in Frameworks */ = {isa = PBXBuildFile; productRef = 6D63395B272C84A400EAC81C /* ApolloSQLite */; };
		6D63395E272C84A400EAC81C /* ApolloUtils in Frameworks */ = {isa = PBXBuildFile; productRef = 6D63395D272C84A400EAC81C /* ApolloUtils */; };
		6D633960272C879A00EAC81C /* schema.json in Resources */ = {isa = PBXBuildFile; fileRef = 6D63395F272C879A00EAC81C /* schema.json */; };
/* End PBXBuildFile section */

/* Begin PBXFileReference section */
		6D633943272C80CA00EAC81C /* Countries_Exp.app */ = {isa = PBXFileReference; explicitFileType = wrapper.application; includeInIndex = 0; path = Countries_Exp.app; sourceTree = BUILT_PRODUCTS_DIR; };
		6D633946272C80CA00EAC81C /* Countries_ExpApp.swift */ = {isa = PBXFileReference; lastKnownFileType = sourcecode.swift; path = Countries_ExpApp.swift; sourceTree = "<group>"; };
		6D633948272C80CA00EAC81C /* ContentView.swift */ = {isa = PBXFileReference; lastKnownFileType = sourcecode.swift; path = ContentView.swift; sourceTree = "<group>"; };
		6D63394A272C80CC00EAC81C /* Assets.xcassets */ = {isa = PBXFileReference; lastKnownFileType = folder.assetcatalog; path = Assets.xcassets; sourceTree = "<group>"; };
		6D63394D272C80CC00EAC81C /* Preview Assets.xcassets */ = {isa = PBXFileReference; lastKnownFileType = folder.assetcatalog; path = "Preview Assets.xcassets"; sourceTree = "<group>"; };
		6D63395F272C879A00EAC81C /* schema.json */ = {isa = PBXFileReference; fileEncoding = 4; lastKnownFileType = text.json; path = schema.json; sourceTree = "<group>"; };
/* End PBXFileReference section */

/* Begin PBXFrameworksBuildPhase section */
		6D633940272C80CA00EAC81C /* Frameworks */ = {
			isa = PBXFrameworksBuildPhase;
			buildActionMask = 2147483647;
			files = (
				6D633958272C84A400EAC81C /* ApolloAPI in Frameworks */,
				6D63395E272C84A400EAC81C /* ApolloUtils in Frameworks */,
				6D63395C272C84A400EAC81C /* ApolloSQLite in Frameworks */,
				6D63395A272C84A400EAC81C /* ApolloCodegenLib in Frameworks */,
				6D633956272C84A400EAC81C /* Apollo in Frameworks */,
			);
			runOnlyForDeploymentPostprocessing = 0;
		};
/* End PBXFrameworksBuildPhase section */

/* Begin PBXGroup section */
		6D63393A272C80CA00EAC81C = {
			isa = PBXGroup;
			children = (
				6D633945272C80CA00EAC81C /* Countries_Exp */,
				6D633944272C80CA00EAC81C /* Products */,
			);
			sourceTree = "<group>";
		};
		6D633944272C80CA00EAC81C /* Products */ = {
			isa = PBXGroup;
			children = (
				6D633943272C80CA00EAC81C /* Countries_Exp.app */,
			);
			name = Products;
			sourceTree = "<group>";
		};
		6D633945272C80CA00EAC81C /* Countries_Exp */ = {
			isa = PBXGroup;
			children = (
				6D63395F272C879A00EAC81C /* schema.json */,
				6D633946272C80CA00EAC81C /* Countries_ExpApp.swift */,
				6D633948272C80CA00EAC81C /* ContentView.swift */,
				6D63394A272C80CC00EAC81C /* Assets.xcassets */,
				6D63394C272C80CC00EAC81C /* Preview Content */,
			);
			path = Countries_Exp;
			sourceTree = "<group>";
		};
		6D63394C272C80CC00EAC81C /* Preview Content */ = {
			isa = PBXGroup;
			children = (
				6D63394D272C80CC00EAC81C /* Preview Assets.xcassets */,
			);
			path = "Preview Content";
			sourceTree = "<group>";
		};
/* End PBXGroup section */

/* Begin PBXNativeTarget section */
		6D633942272C80CA00EAC81C /* Countries_Exp */ = {
			isa = PBXNativeTarget;
			buildConfigurationList = 6D633951272C80CC00EAC81C /* Build configuration list for PBXNativeTarget "Countries_Exp" */;
			buildPhases = (
				6D63393F272C80CA00EAC81C /* Sources */,
				6D633940272C80CA00EAC81C /* Frameworks */,
				6D633941272C80CA00EAC81C /* Resources */,
			);
			buildRules = (
			);
			dependencies = (
			);
			name = Countries_Exp;
			packageProductDependencies = (
				6D633955272C84A400EAC81C /* Apollo */,
				6D633957272C84A400EAC81C /* ApolloAPI */,
				6D633959272C84A400EAC81C /* ApolloCodegenLib */,
				6D63395B272C84A400EAC81C /* ApolloSQLite */,
				6D63395D272C84A400EAC81C /* ApolloUtils */,
			);
			productName = Countries_Exp;
			productReference = 6D633943272C80CA00EAC81C /* Countries_Exp.app */;
			productType = "com.apple.product-type.application";
		};
/* End PBXNativeTarget section */

/* Begin PBXProject section */
		6D63393B272C80CA00EAC81C /* Project object */ = {
			isa = PBXProject;
			attributes = {
				BuildIndependentTargetsInParallel = 1;
				LastSwiftUpdateCheck = 1310;
				LastUpgradeCheck = 1310;
				TargetAttributes = {
					6D633942272C80CA00EAC81C = {
						CreatedOnToolsVersion = 13.1;
					};
				};
			};
			buildConfigurationList = 6D63393E272C80CA00EAC81C /* Build configuration list for PBXProject "Countries_Exp" */;
			compatibilityVersion = "Xcode 13.0";
			developmentRegion = en;
			hasScannedForEncodings = 0;
			knownRegions = (
				en,
				Base,
			);
			mainGroup = 6D63393A272C80CA00EAC81C;
			packageReferences = (
				6D633954272C84A400EAC81C /* XCRemoteSwiftPackageReference "apollo-ios" */,
			);
			productRefGroup = 6D633944272C80CA00EAC81C /* Products */;
			projectDirPath = "";
			projectRoot = "";
			targets = (
				6D633942272C80CA00EAC81C /* Countries_Exp */,
			);
		};
/* End PBXProject section */

/* Begin PBXResourcesBuildPhase section */
		6D633941272C80CA00EAC81C /* Resources */ = {
			isa = PBXResourcesBuildPhase;
			buildActionMask = 2147483647;
			files = (
				6D63394E272C80CC00EAC81C /* Preview Assets.xcassets in Resources */,
				6D633960272C879A00EAC81C /* schema.json in Resources */,
				6D63394B272C80CC00EAC81C /* Assets.xcassets in Resources */,
			);
			runOnlyForDeploymentPostprocessing = 0;
		};
/* End PBXResourcesBuildPhase section */

/* Begin PBXSourcesBuildPhase section */
		6D63393F272C80CA00EAC81C /* Sources */ = {
			isa = PBXSourcesBuildPhase;
			buildActionMask = 2147483647;
			files = (
				6D633949272C80CA00EAC81C /* ContentView.swift in Sources */,
				6D633947272C80CA00EAC81C /* Countries_ExpApp.swift in Sources */,
			);
			runOnlyForDeploymentPostprocessing = 0;
		};
/* End PBXSourcesBuildPhase section */

/* Begin XCBuildConfiguration section */
		6D63394F272C80CC00EAC81C /* Debug */ = {
			isa = XCBuildConfiguration;
			buildSettings = {
				ALWAYS_SEARCH_USER_PATHS = NO;
				CLANG_ANALYZER_NONNULL = YES;
				CLANG_ANALYZER_NUMBER_OBJECT_CONVERSION = YES_AGGRESSIVE;
				CLANG_CXX_LANGUAGE_STANDARD = "gnu++17";
				CLANG_CXX_LIBRARY = "libc++";
				CLANG_ENABLE_MODULES = YES;
				CLANG_ENABLE_OBJC_ARC = YES;
				CLANG_ENABLE_OBJC_WEAK = YES;
				CLANG_WARN_BLOCK_CAPTURE_AUTORELEASING = YES;
				CLANG_WARN_BOOL_CONVERSION = YES;
				CLANG_WARN_COMMA = YES;
				CLANG_WARN_CONSTANT_CONVERSION = YES;
				CLANG_WARN_DEPRECATED_OBJC_IMPLEMENTATIONS = YES;
				CLANG_WARN_DIRECT_OBJC_ISA_USAGE = YES_ERROR;
				CLANG_WARN_DOCUMENTATION_COMMENTS = YES;
				CLANG_WARN_EMPTY_BODY = YES;
				CLANG_WARN_ENUM_CONVERSION = YES;
				CLANG_WARN_INFINITE_RECURSION = YES;
				CLANG_WARN_INT_CONVERSION = YES;
				CLANG_WARN_NON_LITERAL_NULL_CONVERSION = YES;
				CLANG_WARN_OBJC_IMPLICIT_RETAIN_SELF = YES;
				CLANG_WARN_OBJC_LITERAL_CONVERSION = YES;
				CLANG_WARN_OBJC_ROOT_CLASS = YES_ERROR;
				CLANG_WARN_QUOTED_INCLUDE_IN_FRAMEWORK_HEADER = YES;
				CLANG_WARN_RANGE_LOOP_ANALYSIS = YES;
				CLANG_WARN_STRICT_PROTOTYPES = YES;
				CLANG_WARN_SUSPICIOUS_MOVE = YES;
				CLANG_WARN_UNGUARDED_AVAILABILITY = YES_AGGRESSIVE;
				CLANG_WARN_UNREACHABLE_CODE = YES;
				CLANG_WARN__DUPLICATE_METHOD_MATCH = YES;
				COPY_PHASE_STRIP = NO;
				DEBUG_INFORMATION_FORMAT = dwarf;
				ENABLE_STRICT_OBJC_MSGSEND = YES;
				ENABLE_TESTABILITY = YES;
				GCC_C_LANGUAGE_STANDARD = gnu11;
				GCC_DYNAMIC_NO_PIC = NO;
				GCC_NO_COMMON_BLOCKS = YES;
				GCC_OPTIMIZATION_LEVEL = 0;
				GCC_PREPROCESSOR_DEFINITIONS = (
					"DEBUG=1",
					"$(inherited)",
				);
				GCC_WARN_64_TO_32_BIT_CONVERSION = YES;
				GCC_WARN_ABOUT_RETURN_TYPE = YES_ERROR;
				GCC_WARN_UNDECLARED_SELECTOR = YES;
				GCC_WARN_UNINITIALIZED_AUTOS = YES_AGGRESSIVE;
				GCC_WARN_UNUSED_FUNCTION = YES;
				GCC_WARN_UNUSED_VARIABLE = YES;
				IPHONEOS_DEPLOYMENT_TARGET = 15.0;
				MTL_ENABLE_DEBUG_INFO = INCLUDE_SOURCE;
				MTL_FAST_MATH = YES;
				ONLY_ACTIVE_ARCH = YES;
				SDKROOT = iphoneos;
				SWIFT_ACTIVE_COMPILATION_CONDITIONS = DEBUG;
				SWIFT_OPTIMIZATION_LEVEL = "-Onone";
			};
			name = Debug;
		};
		6D633950272C80CC00EAC81C /* Release */ = {
			isa = XCBuildConfiguration;
			buildSettings = {
				ALWAYS_SEARCH_USER_PATHS = NO;
				CLANG_ANALYZER_NONNULL = YES;
				CLANG_ANALYZER_NUMBER_OBJECT_CONVERSION = YES_AGGRESSIVE;
				CLANG_CXX_LANGUAGE_STANDARD = "gnu++17";
				CLANG_CXX_LIBRARY = "libc++";
				CLANG_ENABLE_MODULES = YES;
				CLANG_ENABLE_OBJC_ARC = YES;
				CLANG_ENABLE_OBJC_WEAK = YES;
				CLANG_WARN_BLOCK_CAPTURE_AUTORELEASING = YES;
				CLANG_WARN_BOOL_CONVERSION = YES;
				CLANG_WARN_COMMA = YES;
				CLANG_WARN_CONSTANT_CONVERSION = YES;
				CLANG_WARN_DEPRECATED_OBJC_IMPLEMENTATIONS = YES;
				CLANG_WARN_DIRECT_OBJC_ISA_USAGE = YES_ERROR;
				CLANG_WARN_DOCUMENTATION_COMMENTS = YES;
				CLANG_WARN_EMPTY_BODY = YES;
				CLANG_WARN_ENUM_CONVERSION = YES;
				CLANG_WARN_INFINITE_RECURSION = YES;
				CLANG_WARN_INT_CONVERSION = YES;
				CLANG_WARN_NON_LITERAL_NULL_CONVERSION = YES;
				CLANG_WARN_OBJC_IMPLICIT_RETAIN_SELF = YES;
				CLANG_WARN_OBJC_LITERAL_CONVERSION = YES;
				CLANG_WARN_OBJC_ROOT_CLASS = YES_ERROR;
				CLANG_WARN_QUOTED_INCLUDE_IN_FRAMEWORK_HEADER = YES;
				CLANG_WARN_RANGE_LOOP_ANALYSIS = YES;
				CLANG_WARN_STRICT_PROTOTYPES = YES;
				CLANG_WARN_SUSPICIOUS_MOVE = YES;
				CLANG_WARN_UNGUARDED_AVAILABILITY = YES_AGGRESSIVE;
				CLANG_WARN_UNREACHABLE_CODE = YES;
				CLANG_WARN__DUPLICATE_METHOD_MATCH = YES;
				COPY_PHASE_STRIP = NO;
				DEBUG_INFORMATION_FORMAT = "dwarf-with-dsym";
				ENABLE_NS_ASSERTIONS = NO;
				ENABLE_STRICT_OBJC_MSGSEND = YES;
				GCC_C_LANGUAGE_STANDARD = gnu11;
				GCC_NO_COMMON_BLOCKS = YES;
				GCC_WARN_64_TO_32_BIT_CONVERSION = YES;
				GCC_WARN_ABOUT_RETURN_TYPE = YES_ERROR;
				GCC_WARN_UNDECLARED_SELECTOR = YES;
				GCC_WARN_UNINITIALIZED_AUTOS = YES_AGGRESSIVE;
				GCC_WARN_UNUSED_FUNCTION = YES;
				GCC_WARN_UNUSED_VARIABLE = YES;
				IPHONEOS_DEPLOYMENT_TARGET = 15.0;
				MTL_ENABLE_DEBUG_INFO = NO;
				MTL_FAST_MATH = YES;
				SDKROOT = iphoneos;
				SWIFT_COMPILATION_MODE = wholemodule;
				SWIFT_OPTIMIZATION_LEVEL = "-O";
				VALIDATE_PRODUCT = YES;
			};
			name = Release;
		};
		6D633952272C80CC00EAC81C /* Debug */ = {
			isa = XCBuildConfiguration;
			buildSettings = {
				ASSETCATALOG_COMPILER_APPICON_NAME = AppIcon;
				ASSETCATALOG_COMPILER_GLOBAL_ACCENT_COLOR_NAME = AccentColor;
				CODE_SIGN_STYLE = Automatic;
				CURRENT_PROJECT_VERSION = 1;
				DEVELOPMENT_ASSET_PATHS = "\"Countries_Exp/Preview Content\"";
				DEVELOPMENT_TEAM = 6T94248RU7;
				ENABLE_PREVIEWS = YES;
				GENERATE_INFOPLIST_FILE = YES;
				INFOPLIST_KEY_UIApplicationSceneManifest_Generation = YES;
				INFOPLIST_KEY_UIApplicationSupportsIndirectInputEvents = YES;
				INFOPLIST_KEY_UILaunchScreen_Generation = YES;
				INFOPLIST_KEY_UISupportedInterfaceOrientations_iPad = "UIInterfaceOrientationPortrait UIInterfaceOrientationPortraitUpsideDown UIInterfaceOrientationLandscapeLeft UIInterfaceOrientationLandscapeRight";
				INFOPLIST_KEY_UISupportedInterfaceOrientations_iPhone = "UIInterfaceOrientationPortrait UIInterfaceOrientationLandscapeLeft UIInterfaceOrientationLandscapeRight";
				LD_RUNPATH_SEARCH_PATHS = (
					"$(inherited)",
					"@executable_path/Frameworks",
				);
				MARKETING_VERSION = 1.0;
				PRODUCT_BUNDLE_IDENTIFIER = "com.ShakFeizi.Countries-Exp";
				PRODUCT_NAME = "$(TARGET_NAME)";
				SWIFT_EMIT_LOC_STRINGS = YES;
				SWIFT_VERSION = 5.0;
				TARGETED_DEVICE_FAMILY = "1,2";
			};
			name = Debug;
		};
		6D633953272C80CC00EAC81C /* Release */ = {
			isa = XCBuildConfiguration;
			buildSettings = {
				ASSETCATALOG_COMPILER_APPICON_NAME = AppIcon;
				ASSETCATALOG_COMPILER_GLOBAL_ACCENT_COLOR_NAME = AccentColor;
				CODE_SIGN_STYLE = Automatic;
				CURRENT_PROJECT_VERSION = 1;
				DEVELOPMENT_ASSET_PATHS = "\"Countries_Exp/Preview Content\"";
				DEVELOPMENT_TEAM = 6T94248RU7;
				ENABLE_PREVIEWS = YES;
				GENERATE_INFOPLIST_FILE = YES;
				INFOPLIST_KEY_UIApplicationSceneManifest_Generation = YES;
				INFOPLIST_KEY_UIApplicationSupportsIndirectInputEvents = YES;
				INFOPLIST_KEY_UILaunchScreen_Generation = YES;
				INFOPLIST_KEY_UISupportedInterfaceOrientations_iPad = "UIInterfaceOrientationPortrait UIInterfaceOrientationPortraitUpsideDown UIInterfaceOrientationLandscapeLeft UIInterfaceOrientationLandscapeRight";
				INFOPLIST_KEY_UISupportedInterfaceOrientations_iPhone = "UIInterfaceOrientationPortrait UIInterfaceOrientationLandscapeLeft UIInterfaceOrientationLandscapeRight";
				LD_RUNPATH_SEARCH_PATHS = (
					"$(inherited)",
					"@executable_path/Frameworks",
				);
				MARKETING_VERSION = 1.0;
				PRODUCT_BUNDLE_IDENTIFIER = "com.ShakFeizi.Countries-Exp";
				PRODUCT_NAME = "$(TARGET_NAME)";
				SWIFT_EMIT_LOC_STRINGS = YES;
				SWIFT_VERSION = 5.0;
				TARGETED_DEVICE_FAMILY = "1,2";
			};
			name = Release;
		};
/* End XCBuildConfiguration section */

/* Begin XCConfigurationList section */
		6D63393E272C80CA00EAC81C /* Build configuration list for PBXProject "Countries_Exp" */ = {
			isa = XCConfigurationList;
			buildConfigurations = (
				6D63394F272C80CC00EAC81C /* Debug */,
				6D633950272C80CC00EAC81C /* Release */,
			);
			defaultConfigurationIsVisible = 0;
			defaultConfigurationName = Release;
		};
		6D633951272C80CC00EAC81C /* Build configuration list for PBXNativeTarget "Countries_Exp" */ = {
			isa = XCConfigurationList;
			buildConfigurations = (
				6D633952272C80CC00EAC81C /* Debug */,
				6D633953272C80CC00EAC81C /* Release */,
			);
			defaultConfigurationIsVisible = 0;
			defaultConfigurationName = Release;
		};
/* End XCConfigurationList section */

/* Begin XCRemoteSwiftPackageReference section */
		6D633954272C84A400EAC81C /* XCRemoteSwiftPackageReference "apollo-ios" */ = {
			isa = XCRemoteSwiftPackageReference;
			repositoryURL = "https://github.com/apollographql/apollo-ios.git";
			requirement = {
				kind = upToNextMajorVersion;
				minimumVersion = 0.3.0;
			};
		};
/* End XCRemoteSwiftPackageReference section */

/* Begin XCSwiftPackageProductDependency section */
		6D633955272C84A400EAC81C /* Apollo */ = {
			isa = XCSwiftPackageProductDependency;
			package = 6D633954272C84A400EAC81C /* XCRemoteSwiftPackageReference "apollo-ios" */;
			productName = Apollo;
		};
		6D633957272C84A400EAC81C /* ApolloAPI */ = {
			isa = XCSwiftPackageProductDependency;
			package = 6D633954272C84A400EAC81C /* XCRemoteSwiftPackageReference "apollo-ios" */;
			productName = ApolloAPI;
		};
		6D633959272C84A400EAC81C /* ApolloCodegenLib */ = {
			isa = XCSwiftPackageProductDependency;
			package = 6D633954272C84A400EAC81C /* XCRemoteSwiftPackageReference "apollo-ios" */;
			productName = ApolloCodegenLib;
		};
		6D63395B272C84A400EAC81C /* ApolloSQLite */ = {
			isa = XCSwiftPackageProductDependency;
			package = 6D633954272C84A400EAC81C /* XCRemoteSwiftPackageReference "apollo-ios" */;
			productName = ApolloSQLite;
		};
		6D63395D272C84A400EAC81C /* ApolloUtils */ = {
			isa = XCSwiftPackageProductDependency;
			package = 6D633954272C84A400EAC81C /* XCRemoteSwiftPackageReference "apollo-ios" */;
			productName = ApolloUtils;
		};
/* End XCSwiftPackageProductDependency section */
	};
	rootObject = 6D63393B272C80CA00EAC81C /* Project object */;
}
